// !$*UTF8*$!
{
	archiveVersion = 1;
	classes = {
	};
	objectVersion = 55;
	objects = {

/* Begin PBXBuildFile section */
		7D07F4342827C0B800568314 /* AppDelegate.swift in Sources */ = {isa = PBXBuildFile; fileRef = 7D07F4332827C0B800568314 /* AppDelegate.swift */; };
		7D07F4362827C0B800568314 /* SceneDelegate.swift in Sources */ = {isa = PBXBuildFile; fileRef = 7D07F4352827C0B800568314 /* SceneDelegate.swift */; };
		7D07F4382827C0B800568314 /* ViewController.swift in Sources */ = {isa = PBXBuildFile; fileRef = 7D07F4372827C0B800568314 /* ViewController.swift */; };
		7D07F43D2827C0BC00568314 /* Assets.xcassets in Resources */ = {isa = PBXBuildFile; fileRef = 7D07F43C2827C0BC00568314 /* Assets.xcassets */; };
		7D07F4402827C0BC00568314 /* LaunchScreen.storyboard in Resources */ = {isa = PBXBuildFile; fileRef = 7D07F43E2827C0BC00568314 /* LaunchScreen.storyboard */; };
		7D07F44B2827C0BD00568314 /* HomeWorkTests.swift in Sources */ = {isa = PBXBuildFile; fileRef = 7D07F44A2827C0BD00568314 /* HomeWorkTests.swift */; };
		7D07F4552827C0BD00568314 /* HomeWorkUITests.swift in Sources */ = {isa = PBXBuildFile; fileRef = 7D07F4542827C0BD00568314 /* HomeWorkUITests.swift */; };
		7D07F4572827C0BD00568314 /* HomeWorkUITestsLaunchTests.swift in Sources */ = {isa = PBXBuildFile; fileRef = 7D07F4562827C0BD00568314 /* HomeWorkUITestsLaunchTests.swift */; };
		7D1A56F42843CB10003C2312 /* Main.storyboard in Resources */ = {isa = PBXBuildFile; fileRef = 7D1A56F32843CB10003C2312 /* Main.storyboard */; };
		7D1A56F62843E239003C2312 /* SecondTask.swift in Sources */ = {isa = PBXBuildFile; fileRef = 7D1A56F52843E238003C2312 /* SecondTask.swift */; };
		7D1A56F82843E272003C2312 /* SecondTaskStoryboard.storyboard in Resources */ = {isa = PBXBuildFile; fileRef = 7D1A56F72843E272003C2312 /* SecondTaskStoryboard.storyboard */; };
		7D1A56FA284406F6003C2312 /* ThirdTask.swift in Sources */ = {isa = PBXBuildFile; fileRef = 7D1A56F9284406F6003C2312 /* ThirdTask.swift */; };
		7D1A56FC2844072C003C2312 /* ThirdTaskStoryboard.storyboard in Resources */ = {isa = PBXBuildFile; fileRef = 7D1A56FB2844072C003C2312 /* ThirdTaskStoryboard.storyboard */; };
/* End PBXBuildFile section */

/* Begin PBXContainerItemProxy section */
		7D07F4472827C0BD00568314 /* PBXContainerItemProxy */ = {
			isa = PBXContainerItemProxy;
			containerPortal = 7D07F4282827C0B800568314 /* Project object */;
			proxyType = 1;
			remoteGlobalIDString = 7D07F42F2827C0B800568314;
			remoteInfo = HomeWork;
		};
		7D07F4512827C0BD00568314 /* PBXContainerItemProxy */ = {
			isa = PBXContainerItemProxy;
			containerPortal = 7D07F4282827C0B800568314 /* Project object */;
			proxyType = 1;
			remoteGlobalIDString = 7D07F42F2827C0B800568314;
			remoteInfo = HomeWork;
		};
/* End PBXContainerItemProxy section */

/* Begin PBXFileReference section */
		7D07F4302827C0B800568314 /* HomeWork.app */ = {isa = PBXFileReference; explicitFileType = wrapper.application; includeInIndex = 0; path = HomeWork.app; sourceTree = BUILT_PRODUCTS_DIR; };
		7D07F4332827C0B800568314 /* AppDelegate.swift */ = {isa = PBXFileReference; lastKnownFileType = sourcecode.swift; path = AppDelegate.swift; sourceTree = "<group>"; };
		7D07F4352827C0B800568314 /* SceneDelegate.swift */ = {isa = PBXFileReference; lastKnownFileType = sourcecode.swift; path = SceneDelegate.swift; sourceTree = "<group>"; };
		7D07F4372827C0B800568314 /* ViewController.swift */ = {isa = PBXFileReference; lastKnownFileType = sourcecode.swift; path = ViewController.swift; sourceTree = "<group>"; };
		7D07F43C2827C0BC00568314 /* Assets.xcassets */ = {isa = PBXFileReference; lastKnownFileType = folder.assetcatalog; path = Assets.xcassets; sourceTree = "<group>"; };
		7D07F43F2827C0BC00568314 /* Base */ = {isa = PBXFileReference; lastKnownFileType = file.storyboard; name = Base; path = Base.lproj/LaunchScreen.storyboard; sourceTree = "<group>"; };
		7D07F4412827C0BC00568314 /* Info.plist */ = {isa = PBXFileReference; lastKnownFileType = text.plist.xml; path = Info.plist; sourceTree = "<group>"; };
		7D07F4462827C0BD00568314 /* HomeWorkTests.xctest */ = {isa = PBXFileReference; explicitFileType = wrapper.cfbundle; includeInIndex = 0; path = HomeWorkTests.xctest; sourceTree = BUILT_PRODUCTS_DIR; };
		7D07F44A2827C0BD00568314 /* HomeWorkTests.swift */ = {isa = PBXFileReference; lastKnownFileType = sourcecode.swift; path = HomeWorkTests.swift; sourceTree = "<group>"; };
		7D07F4502827C0BD00568314 /* HomeWorkUITests.xctest */ = {isa = PBXFileReference; explicitFileType = wrapper.cfbundle; includeInIndex = 0; path = HomeWorkUITests.xctest; sourceTree = BUILT_PRODUCTS_DIR; };
		7D07F4542827C0BD00568314 /* HomeWorkUITests.swift */ = {isa = PBXFileReference; lastKnownFileType = sourcecode.swift; path = HomeWorkUITests.swift; sourceTree = "<group>"; };
		7D07F4562827C0BD00568314 /* HomeWorkUITestsLaunchTests.swift */ = {isa = PBXFileReference; lastKnownFileType = sourcecode.swift; path = HomeWorkUITestsLaunchTests.swift; sourceTree = "<group>"; };
		7D1A56F32843CB10003C2312 /* Main.storyboard */ = {isa = PBXFileReference; lastKnownFileType = file.storyboard; path = Main.storyboard; sourceTree = "<group>"; };
		7D1A56F52843E238003C2312 /* SecondTask.swift */ = {isa = PBXFileReference; lastKnownFileType = sourcecode.swift; path = SecondTask.swift; sourceTree = "<group>"; };
		7D1A56F72843E272003C2312 /* SecondTaskStoryboard.storyboard */ = {isa = PBXFileReference; lastKnownFileType = file.storyboard; path = SecondTaskStoryboard.storyboard; sourceTree = "<group>"; };
		7D1A56F9284406F6003C2312 /* ThirdTask.swift */ = {isa = PBXFileReference; lastKnownFileType = sourcecode.swift; path = ThirdTask.swift; sourceTree = "<group>"; };
		7D1A56FB2844072C003C2312 /* ThirdTaskStoryboard.storyboard */ = {isa = PBXFileReference; lastKnownFileType = file.storyboard; path = ThirdTaskStoryboard.storyboard; sourceTree = "<group>"; };
/* End PBXFileReference section */

/* Begin PBXFrameworksBuildPhase section */
		7D07F42D2827C0B800568314 /* Frameworks */ = {
			isa = PBXFrameworksBuildPhase;
			buildActionMask = 2147483647;
			files = (
			);
			runOnlyForDeploymentPostprocessing = 0;
		};
		7D07F4432827C0BD00568314 /* Frameworks */ = {
			isa = PBXFrameworksBuildPhase;
			buildActionMask = 2147483647;
			files = (
			);
			runOnlyForDeploymentPostprocessing = 0;
		};
		7D07F44D2827C0BD00568314 /* Frameworks */ = {
			isa = PBXFrameworksBuildPhase;
			buildActionMask = 2147483647;
			files = (
			);
			runOnlyForDeploymentPostprocessing = 0;
		};
/* End PBXFrameworksBuildPhase section */

/* Begin PBXGroup section */
		7D07F4272827C0B800568314 = {
			isa = PBXGroup;
			children = (
				7D07F4322827C0B800568314 /* HomeWork */,
				7D07F4492827C0BD00568314 /* HomeWorkTests */,
				7D07F4532827C0BD00568314 /* HomeWorkUITests */,
				7D07F4312827C0B800568314 /* Products */,
			);
			sourceTree = "<group>";
		};
		7D07F4312827C0B800568314 /* Products */ = {
			isa = PBXGroup;
			children = (
				7D07F4302827C0B800568314 /* HomeWork.app */,
				7D07F4462827C0BD00568314 /* HomeWorkTests.xctest */,
				7D07F4502827C0BD00568314 /* HomeWorkUITests.xctest */,
			);
			name = Products;
			sourceTree = "<group>";
		};
		7D07F4322827C0B800568314 /* HomeWork */ = {
			isa = PBXGroup;
			children = (
				7D07F4332827C0B800568314 /* AppDelegate.swift */,
				7D07F4352827C0B800568314 /* SceneDelegate.swift */,
				7D07F4372827C0B800568314 /* ViewController.swift */,
				7D1A56F32843CB10003C2312 /* Main.storyboard */,
				7D07F43C2827C0BC00568314 /* Assets.xcassets */,
				7D07F43E2827C0BC00568314 /* LaunchScreen.storyboard */,
				7D07F4412827C0BC00568314 /* Info.plist */,
				7D1A56F52843E238003C2312 /* SecondTask.swift */,
				7D1A56F72843E272003C2312 /* SecondTaskStoryboard.storyboard */,
				7D1A56F9284406F6003C2312 /* ThirdTask.swift */,
				7D1A56FB2844072C003C2312 /* ThirdTaskStoryboard.storyboard */,
			);
			path = HomeWork;
			sourceTree = "<group>";
		};
		7D07F4492827C0BD00568314 /* HomeWorkTests */ = {
			isa = PBXGroup;
			children = (
				7D07F44A2827C0BD00568314 /* HomeWorkTests.swift */,
			);
			path = HomeWorkTests;
			sourceTree = "<group>";
		};
		7D07F4532827C0BD00568314 /* HomeWorkUITests */ = {
			isa = PBXGroup;
			children = (
				7D07F4542827C0BD00568314 /* HomeWorkUITests.swift */,
				7D07F4562827C0BD00568314 /* HomeWorkUITestsLaunchTests.swift */,
			);
			path = HomeWorkUITests;
			sourceTree = "<group>";
		};
/* End PBXGroup section */

/* Begin PBXNativeTarget section */
		7D07F42F2827C0B800568314 /* HomeWork */ = {
			isa = PBXNativeTarget;
			buildConfigurationList = 7D07F45A2827C0BD00568314 /* Build configuration list for PBXNativeTarget "HomeWork" */;
			buildPhases = (
				7D07F42C2827C0B800568314 /* Sources */,
				7D07F42D2827C0B800568314 /* Frameworks */,
				7D07F42E2827C0B800568314 /* Resources */,
			);
			buildRules = (
			);
			dependencies = (
			);
			name = HomeWork;
			productName = HomeWork;
			productReference = 7D07F4302827C0B800568314 /* HomeWork.app */;
			productType = "com.apple.product-type.application";
		};
		7D07F4452827C0BD00568314 /* HomeWorkTests */ = {
			isa = PBXNativeTarget;
			buildConfigurationList = 7D07F45D2827C0BD00568314 /* Build configuration list for PBXNativeTarget "HomeWorkTests" */;
			buildPhases = (
				7D07F4422827C0BD00568314 /* Sources */,
				7D07F4432827C0BD00568314 /* Frameworks */,
				7D07F4442827C0BD00568314 /* Resources */,
			);
			buildRules = (
			);
			dependencies = (
				7D07F4482827C0BD00568314 /* PBXTargetDependency */,
			);
			name = HomeWorkTests;
			productName = HomeWorkTests;
			productReference = 7D07F4462827C0BD00568314 /* HomeWorkTests.xctest */;
			productType = "com.apple.product-type.bundle.unit-test";
		};
		7D07F44F2827C0BD00568314 /* HomeWorkUITests */ = {
			isa = PBXNativeTarget;
			buildConfigurationList = 7D07F4602827C0BD00568314 /* Build configuration list for PBXNativeTarget "HomeWorkUITests" */;
			buildPhases = (
				7D07F44C2827C0BD00568314 /* Sources */,
				7D07F44D2827C0BD00568314 /* Frameworks */,
				7D07F44E2827C0BD00568314 /* Resources */,
			);
			buildRules = (
			);
			dependencies = (
				7D07F4522827C0BD00568314 /* PBXTargetDependency */,
			);
			name = HomeWorkUITests;
			productName = HomeWorkUITests;
			productReference = 7D07F4502827C0BD00568314 /* HomeWorkUITests.xctest */;
			productType = "com.apple.product-type.bundle.ui-testing";
		};
/* End PBXNativeTarget section */

/* Begin PBXProject section */
		7D07F4282827C0B800568314 /* Project object */ = {
			isa = PBXProject;
			attributes = {
				BuildIndependentTargetsInParallel = 1;
				LastSwiftUpdateCheck = 1330;
				LastUpgradeCheck = 1330;
				TargetAttributes = {
					7D07F42F2827C0B800568314 = {
						CreatedOnToolsVersion = 13.3.1;
					};
					7D07F4452827C0BD00568314 = {
						CreatedOnToolsVersion = 13.3.1;
						TestTargetID = 7D07F42F2827C0B800568314;
					};
					7D07F44F2827C0BD00568314 = {
						CreatedOnToolsVersion = 13.3.1;
						TestTargetID = 7D07F42F2827C0B800568314;
					};
				};
			};
			buildConfigurationList = 7D07F42B2827C0B800568314 /* Build configuration list for PBXProject "HomeWork" */;
			compatibilityVersion = "Xcode 13.0";
			developmentRegion = en;
			hasScannedForEncodings = 0;
			knownRegions = (
				en,
				Base,
			);
			mainGroup = 7D07F4272827C0B800568314;
			productRefGroup = 7D07F4312827C0B800568314 /* Products */;
			projectDirPath = "";
			projectRoot = "";
			targets = (
				7D07F42F2827C0B800568314 /* HomeWork */,
				7D07F4452827C0BD00568314 /* HomeWorkTests */,
				7D07F44F2827C0BD00568314 /* HomeWorkUITests */,
			);
		};
/* End PBXProject section */

/* Begin PBXResourcesBuildPhase section */
		7D07F42E2827C0B800568314 /* Resources */ = {
			isa = PBXResourcesBuildPhase;
			buildActionMask = 2147483647;
			files = (
				7D1A56F42843CB10003C2312 /* Main.storyboard in Resources */,
				7D07F4402827C0BC00568314 /* LaunchScreen.storyboard in Resources */,
				7D1A56F82843E272003C2312 /* SecondTaskStoryboard.storyboard in Resources */,
				7D1A56FC2844072C003C2312 /* ThirdTaskStoryboard.storyboard in Resources */,
				7D07F43D2827C0BC00568314 /* Assets.xcassets in Resources */,
			);
			runOnlyForDeploymentPostprocessing = 0;
		};
		7D07F4442827C0BD00568314 /* Resources */ = {
			isa = PBXResourcesBuildPhase;
			buildActionMask = 2147483647;
			files = (
			);
			runOnlyForDeploymentPostprocessing = 0;
		};
		7D07F44E2827C0BD00568314 /* Resources */ = {
			isa = PBXResourcesBuildPhase;
			buildActionMask = 2147483647;
			files = (
			);
			runOnlyForDeploymentPostprocessing = 0;
		};
/* End PBXResourcesBuildPhase section */

/* Begin PBXSourcesBuildPhase section */
		7D07F42C2827C0B800568314 /* Sources */ = {
			isa = PBXSourcesBuildPhase;
			buildActionMask = 2147483647;
			files = (
				7D1A56FA284406F6003C2312 /* ThirdTask.swift in Sources */,
				7D07F4382827C0B800568314 /* ViewController.swift in Sources */,
				7D07F4342827C0B800568314 /* AppDelegate.swift in Sources */,
				7D1A56F62843E239003C2312 /* SecondTask.swift in Sources */,
				7D07F4362827C0B800568314 /* SceneDelegate.swift in Sources */,
			);
			runOnlyForDeploymentPostprocessing = 0;
		};
		7D07F4422827C0BD00568314 /* Sources */ = {
			isa = PBXSourcesBuildPhase;
			buildActionMask = 2147483647;
			files = (
				7D07F44B2827C0BD00568314 /* HomeWorkTests.swift in Sources */,
			);
			runOnlyForDeploymentPostprocessing = 0;
		};
		7D07F44C2827C0BD00568314 /* Sources */ = {
			isa = PBXSourcesBuildPhase;
			buildActionMask = 2147483647;
			files = (
				7D07F4572827C0BD00568314 /* HomeWorkUITestsLaunchTests.swift in Sources */,
				7D07F4552827C0BD00568314 /* HomeWorkUITests.swift in Sources */,
			);
			runOnlyForDeploymentPostprocessing = 0;
		};
/* End PBXSourcesBuildPhase section */

/* Begin PBXTargetDependency section */
		7D07F4482827C0BD00568314 /* PBXTargetDependency */ = {
			isa = PBXTargetDependency;
			target = 7D07F42F2827C0B800568314 /* HomeWork */;
			targetProxy = 7D07F4472827C0BD00568314 /* PBXContainerItemProxy */;
		};
		7D07F4522827C0BD00568314 /* PBXTargetDependency */ = {
			isa = PBXTargetDependency;
			target = 7D07F42F2827C0B800568314 /* HomeWork */;
			targetProxy = 7D07F4512827C0BD00568314 /* PBXContainerItemProxy */;
		};
/* End PBXTargetDependency section */

/* Begin PBXVariantGroup section */
		7D07F43E2827C0BC00568314 /* LaunchScreen.storyboard */ = {
			isa = PBXVariantGroup;
			children = (
				7D07F43F2827C0BC00568314 /* Base */,
			);
			name = LaunchScreen.storyboard;
			sourceTree = "<group>";
		};
/* End PBXVariantGroup section */

/* Begin XCBuildConfiguration section */
		7D07F4582827C0BD00568314 /* Debug */ = {
			isa = XCBuildConfiguration;
			buildSettings = {
				ALWAYS_SEARCH_USER_PATHS = NO;
				CLANG_ANALYZER_NONNULL = YES;
				CLANG_ANALYZER_NUMBER_OBJECT_CONVERSION = YES_AGGRESSIVE;
				CLANG_CXX_LANGUAGE_STANDARD = "gnu++17";
				CLANG_ENABLE_MODULES = YES;
				CLANG_ENABLE_OBJC_ARC = YES;
				CLANG_ENABLE_OBJC_WEAK = YES;
				CLANG_WARN_BLOCK_CAPTURE_AUTORELEASING = YES;
				CLANG_WARN_BOOL_CONVERSION = YES;
				CLANG_WARN_COMMA = YES;
				CLANG_WARN_CONSTANT_CONVERSION = YES;
				CLANG_WARN_DEPRECATED_OBJC_IMPLEMENTATIONS = YES;
				CLANG_WARN_DIRECT_OBJC_ISA_USAGE = YES_ERROR;
				CLANG_WARN_DOCUMENTATION_COMMENTS = YES;
				CLANG_WARN_EMPTY_BODY = YES;
				CLANG_WARN_ENUM_CONVERSION = YES;
				CLANG_WARN_INFINITE_RECURSION = YES;
				CLANG_WARN_INT_CONVERSION = YES;
				CLANG_WARN_NON_LITERAL_NULL_CONVERSION = YES;
				CLANG_WARN_OBJC_IMPLICIT_RETAIN_SELF = YES;
				CLANG_WARN_OBJC_LITERAL_CONVERSION = YES;
				CLANG_WARN_OBJC_ROOT_CLASS = YES_ERROR;
				CLANG_WARN_QUOTED_INCLUDE_IN_FRAMEWORK_HEADER = YES;
				CLANG_WARN_RANGE_LOOP_ANALYSIS = YES;
				CLANG_WARN_STRICT_PROTOTYPES = YES;
				CLANG_WARN_SUSPICIOUS_MOVE = YES;
				CLANG_WARN_UNGUARDED_AVAILABILITY = YES_AGGRESSIVE;
				CLANG_WARN_UNREACHABLE_CODE = YES;
				CLANG_WARN__DUPLICATE_METHOD_MATCH = YES;
				COPY_PHASE_STRIP = NO;
				DEBUG_INFORMATION_FORMAT = dwarf;
				ENABLE_STRICT_OBJC_MSGSEND = YES;
				ENABLE_TESTABILITY = YES;
				GCC_C_LANGUAGE_STANDARD = gnu11;
				GCC_DYNAMIC_NO_PIC = NO;
				GCC_NO_COMMON_BLOCKS = YES;
				GCC_OPTIMIZATION_LEVEL = 0;
				GCC_PREPROCESSOR_DEFINITIONS = (
					"DEBUG=1",
					"$(inherited)",
				);
				GCC_WARN_64_TO_32_BIT_CONVERSION = YES;
				GCC_WARN_ABOUT_RETURN_TYPE = YES_ERROR;
				GCC_WARN_UNDECLARED_SELECTOR = YES;
				GCC_WARN_UNINITIALIZED_AUTOS = YES_AGGRESSIVE;
				GCC_WARN_UNUSED_FUNCTION = YES;
				GCC_WARN_UNUSED_VARIABLE = YES;
				IPHONEOS_DEPLOYMENT_TARGET = 15.4;
				MTL_ENABLE_DEBUG_INFO = INCLUDE_SOURCE;
				MTL_FAST_MATH = YES;
				ONLY_ACTIVE_ARCH = YES;
				SDKROOT = iphoneos;
				SWIFT_ACTIVE_COMPILATION_CONDITIONS = DEBUG;
				SWIFT_OPTIMIZATION_LEVEL = "-Onone";
			};
			name = Debug;
		};
		7D07F4592827C0BD00568314 /* Release */ = {
			isa = XCBuildConfiguration;
			buildSettings = {
				ALWAYS_SEARCH_USER_PATHS = NO;
				CLANG_ANALYZER_NONNULL = YES;
				CLANG_ANALYZER_NUMBER_OBJECT_CONVERSION = YES_AGGRESSIVE;
				CLANG_CXX_LANGUAGE_STANDARD = "gnu++17";
				CLANG_ENABLE_MODULES = YES;
				CLANG_ENABLE_OBJC_ARC = YES;
				CLANG_ENABLE_OBJC_WEAK = YES;
				CLANG_WARN_BLOCK_CAPTURE_AUTORELEASING = YES;
				CLANG_WARN_BOOL_CONVERSION = YES;
				CLANG_WARN_COMMA = YES;
				CLANG_WARN_CONSTANT_CONVERSION = YES;
				CLANG_WARN_DEPRECATED_OBJC_IMPLEMENTATIONS = YES;
				CLANG_WARN_DIRECT_OBJC_ISA_USAGE = YES_ERROR;
				CLANG_WARN_DOCUMENTATION_COMMENTS = YES;
				CLANG_WARN_EMPTY_BODY = YES;
				CLANG_WARN_ENUM_CONVERSION = YES;
				CLANG_WARN_INFINITE_RECURSION = YES;
				CLANG_WARN_INT_CONVERSION = YES;
				CLANG_WARN_NON_LITERAL_NULL_CONVERSION = YES;
				CLANG_WARN_OBJC_IMPLICIT_RETAIN_SELF = YES;
				CLANG_WARN_OBJC_LITERAL_CONVERSION = YES;
				CLANG_WARN_OBJC_ROOT_CLASS = YES_ERROR;
				CLANG_WARN_QUOTED_INCLUDE_IN_FRAMEWORK_HEADER = YES;
				CLANG_WARN_RANGE_LOOP_ANALYSIS = YES;
				CLANG_WARN_STRICT_PROTOTYPES = YES;
				CLANG_WARN_SUSPICIOUS_MOVE = YES;
				CLANG_WARN_UNGUARDED_AVAILABILITY = YES_AGGRESSIVE;
				CLANG_WARN_UNREACHABLE_CODE = YES;
				CLANG_WARN__DUPLICATE_METHOD_MATCH = YES;
				COPY_PHASE_STRIP = NO;
				DEBUG_INFORMATION_FORMAT = "dwarf-with-dsym";
				ENABLE_NS_ASSERTIONS = NO;
				ENABLE_STRICT_OBJC_MSGSEND = YES;
				GCC_C_LANGUAGE_STANDARD = gnu11;
				GCC_NO_COMMON_BLOCKS = YES;
				GCC_WARN_64_TO_32_BIT_CONVERSION = YES;
				GCC_WARN_ABOUT_RETURN_TYPE = YES_ERROR;
				GCC_WARN_UNDECLARED_SELECTOR = YES;
				GCC_WARN_UNINITIALIZED_AUTOS = YES_AGGRESSIVE;
				GCC_WARN_UNUSED_FUNCTION = YES;
				GCC_WARN_UNUSED_VARIABLE = YES;
				IPHONEOS_DEPLOYMENT_TARGET = 15.4;
				MTL_ENABLE_DEBUG_INFO = NO;
				MTL_FAST_MATH = YES;
				SDKROOT = iphoneos;
				SWIFT_COMPILATION_MODE = wholemodule;
				SWIFT_OPTIMIZATION_LEVEL = "-O";
				VALIDATE_PRODUCT = YES;
			};
			name = Release;
		};
		7D07F45B2827C0BD00568314 /* Debug */ = {
			isa = XCBuildConfiguration;
			buildSettings = {
				ASSETCATALOG_COMPILER_APPICON_NAME = AppIcon;
				ASSETCATALOG_COMPILER_GLOBAL_ACCENT_COLOR_NAME = AccentColor;
				CODE_SIGN_STYLE = Automatic;
				CURRENT_PROJECT_VERSION = 1;
				GENERATE_INFOPLIST_FILE = YES;
				INFOPLIST_FILE = HomeWork/Info.plist;
				INFOPLIST_KEY_UIApplicationSupportsIndirectInputEvents = YES;
				INFOPLIST_KEY_UILaunchStoryboardName = LaunchScreen;
				INFOPLIST_KEY_UIMainStoryboardFile = ThirdTaskStoryboard;
				INFOPLIST_KEY_UISupportedInterfaceOrientations = "";
				INFOPLIST_KEY_UISupportedInterfaceOrientations_iPad = "UIInterfaceOrientationPortrait UIInterfaceOrientationPortraitUpsideDown UIInterfaceOrientationLandscapeLeft UIInterfaceOrientationLandscapeRight";
				INFOPLIST_KEY_UISupportedInterfaceOrientations_iPhone = "UIInterfaceOrientationPortrait UIInterfaceOrientationLandscapeLeft UIInterfaceOrientationLandscapeRight";
				IPHONEOS_DEPLOYMENT_TARGET = 15.5;
				LD_RUNPATH_SEARCH_PATHS = (
					"$(inherited)",
					"@executable_path/Frameworks",
				);
				MARKETING_VERSION = 1.0;
				PRODUCT_BUNDLE_IDENTIFIER = ggwpnoobs.HomeWork;
				PRODUCT_NAME = "$(TARGET_NAME)";
				SWIFT_EMIT_LOC_STRINGS = YES;
				SWIFT_VERSION = 5.0;
				TARGETED_DEVICE_FAMILY = "1,2";
			};
			name = Debug;
		};
		7D07F45C2827C0BD00568314 /* Release */ = {
			isa = XCBuildConfiguration;
			buildSettings = {
				ASSETCATALOG_COMPILER_APPICON_NAME = AppIcon;
				ASSETCATALOG_COMPILER_GLOBAL_ACCENT_COLOR_NAME = AccentColor;
				CODE_SIGN_STYLE = Automatic;
				CURRENT_PROJECT_VERSION = 1;
				GENERATE_INFOPLIST_FILE = YES;
				INFOPLIST_FILE = HomeWork/Info.plist;
				INFOPLIST_KEY_UIApplicationSupportsIndirectInputEvents = YES;
				INFOPLIST_KEY_UILaunchStoryboardName = LaunchScreen;
				INFOPLIST_KEY_UIMainStoryboardFile = ThirdTaskStoryboard;
				INFOPLIST_KEY_UISupportedInterfaceOrientations = "";
				INFOPLIST_KEY_UISupportedInterfaceOrientations_iPad = "UIInterfaceOrientationPortrait UIInterfaceOrientationPortraitUpsideDown UIInterfaceOrientationLandscapeLeft UIInterfaceOrientationLandscapeRight";
				INFOPLIST_KEY_UISupportedInterfaceOrientations_iPhone = "UIInterfaceOrientationPortrait UIInterfaceOrientationLandscapeLeft UIInterfaceOrientationLandscapeRight";
				IPHONEOS_DEPLOYMENT_TARGET = 15.5;
				LD_RUNPATH_SEARCH_PATHS = (
					"$(inherited)",
					"@executable_path/Frameworks",
				);
				MARKETING_VERSION = 1.0;
				PRODUCT_BUNDLE_IDENTIFIER = ggwpnoobs.HomeWork;
				PRODUCT_NAME = "$(TARGET_NAME)";
				SWIFT_EMIT_LOC_STRINGS = YES;
				SWIFT_VERSION = 5.0;
				TARGETED_DEVICE_FAMILY = "1,2";
			};
			name = Release;
		};
		7D07F45E2827C0BD00568314 /* Debug */ = {
			isa = XCBuildConfiguration;
			buildSettings = {
				ALWAYS_EMBED_SWIFT_STANDARD_LIBRARIES = YES;
				BUNDLE_LOADER = "$(TEST_HOST)";
				CODE_SIGN_STYLE = Automatic;
				CURRENT_PROJECT_VERSION = 1;
				GENERATE_INFOPLIST_FILE = YES;
				IPHONEOS_DEPLOYMENT_TARGET = 15.4;
				MARKETING_VERSION = 1.0;
				PRODUCT_BUNDLE_IDENTIFIER = ggwpnoobs.HomeWorkTests;
				PRODUCT_NAME = "$(TARGET_NAME)";
				SWIFT_EMIT_LOC_STRINGS = NO;
				SWIFT_VERSION = 5.0;
				TARGETED_DEVICE_FAMILY = "1,2";
				TEST_HOST = "$(BUILT_PRODUCTS_DIR)/HomeWork.app/HomeWork";
			};
			name = Debug;
		};
		7D07F45F2827C0BD00568314 /* Release */ = {
			isa = XCBuildConfiguration;
			buildSettings = {
				ALWAYS_EMBED_SWIFT_STANDARD_LIBRARIES = YES;
				BUNDLE_LOADER = "$(TEST_HOST)";
				CODE_SIGN_STYLE = Automatic;
				CURRENT_PROJECT_VERSION = 1;
				GENERATE_INFOPLIST_FILE = YES;
				IPHONEOS_DEPLOYMENT_TARGET = 15.4;
				MARKETING_VERSION = 1.0;
				PRODUCT_BUNDLE_IDENTIFIER = ggwpnoobs.HomeWorkTests;
				PRODUCT_NAME = "$(TARGET_NAME)";
				SWIFT_EMIT_LOC_STRINGS = NO;
				SWIFT_VERSION = 5.0;
				TARGETED_DEVICE_FAMILY = "1,2";
				TEST_HOST = "$(BUILT_PRODUCTS_DIR)/HomeWork.app/HomeWork";
			};
			name = Release;
		};
		7D07F4612827C0BD00568314 /* Debug */ = {
			isa = XCBuildConfiguration;
			buildSettings = {
				ALWAYS_EMBED_SWIFT_STANDARD_LIBRARIES = YES;
				CODE_SIGN_STYLE = Automatic;
				CURRENT_PROJECT_VERSION = 1;
				GENERATE_INFOPLIST_FILE = YES;
				MARKETING_VERSION = 1.0;
				PRODUCT_BUNDLE_IDENTIFIER = ggwpnoobs.HomeWorkUITests;
				PRODUCT_NAME = "$(TARGET_NAME)";
				SWIFT_EMIT_LOC_STRINGS = NO;
				SWIFT_VERSION = 5.0;
				TARGETED_DEVICE_FAMILY = "1,2";
				TEST_TARGET_NAME = HomeWork;
			};
			name = Debug;
		};
		7D07F4622827C0BD00568314 /* Release */ = {
			isa = XCBuildConfiguration;
			buildSettings = {
				ALWAYS_EMBED_SWIFT_STANDARD_LIBRARIES = YES;
				CODE_SIGN_STYLE = Automatic;
				CURRENT_PROJECT_VERSION = 1;
				GENERATE_INFOPLIST_FILE = YES;
				MARKETING_VERSION = 1.0;
				PRODUCT_BUNDLE_IDENTIFIER = ggwpnoobs.HomeWorkUITests;
				PRODUCT_NAME = "$(TARGET_NAME)";
				SWIFT_EMIT_LOC_STRINGS = NO;
				SWIFT_VERSION = 5.0;
				TARGETED_DEVICE_FAMILY = "1,2";
				TEST_TARGET_NAME = HomeWork;
			};
			name = Release;
		};
/* End XCBuildConfiguration section */

/* Begin XCConfigurationList section */
		7D07F42B2827C0B800568314 /* Build configuration list for PBXProject "HomeWork" */ = {
			isa = XCConfigurationList;
			buildConfigurations = (
				7D07F4582827C0BD00568314 /* Debug */,
				7D07F4592827C0BD00568314 /* Release */,
			);
			defaultConfigurationIsVisible = 0;
			defaultConfigurationName = Release;
		};
		7D07F45A2827C0BD00568314 /* Build configuration list for PBXNativeTarget "HomeWork" */ = {
			isa = XCConfigurationList;
			buildConfigurations = (
				7D07F45B2827C0BD00568314 /* Debug */,
				7D07F45C2827C0BD00568314 /* Release */,
			);
			defaultConfigurationIsVisible = 0;
			defaultConfigurationName = Release;
		};
		7D07F45D2827C0BD00568314 /* Build configuration list for PBXNativeTarget "HomeWorkTests" */ = {
			isa = XCConfigurationList;
			buildConfigurations = (
				7D07F45E2827C0BD00568314 /* Debug */,
				7D07F45F2827C0BD00568314 /* Release */,
			);
			defaultConfigurationIsVisible = 0;
			defaultConfigurationName = Release;
		};
		7D07F4602827C0BD00568314 /* Build configuration list for PBXNativeTarget "HomeWorkUITests" */ = {
			isa = XCConfigurationList;
			buildConfigurations = (
				7D07F4612827C0BD00568314 /* Debug */,
				7D07F4622827C0BD00568314 /* Release */,
			);
			defaultConfigurationIsVisible = 0;
			defaultConfigurationName = Release;
		};
/* End XCConfigurationList section */
	};
	rootObject = 7D07F4282827C0B800568314 /* Project object */;
}
